// !$*UTF8*$!
{
	archiveVersion = 1;
	classes = {
	};
	objectVersion = 55;
	objects = {

/* Begin PBXBuildFile section */
		4303BA9F2A2E807D00B5BE15 /* UserModel.swift in Sources */ = {isa = PBXBuildFile; fileRef = 4303BA9E2A2E807D00B5BE15 /* UserModel.swift */; };
		4303BAA12A2E80BC00B5BE15 /* DoctorsModel.swift in Sources */ = {isa = PBXBuildFile; fileRef = 4303BAA02A2E80BC00B5BE15 /* DoctorsModel.swift */; };
		4303BAA32A2E82AC00B5BE15 /* TimetablesModel.swift in Sources */ = {isa = PBXBuildFile; fileRef = 4303BAA22A2E82AC00B5BE15 /* TimetablesModel.swift */; };
		435EEC8B2A2A07B40053C2FA /* DoctorsViewController.swift in Sources */ = {isa = PBXBuildFile; fileRef = 435EEC8A2A2A07B40053C2FA /* DoctorsViewController.swift */; };
		435EEC8D2A2A07CA0053C2FA /* AppointmentViewController.swift in Sources */ = {isa = PBXBuildFile; fileRef = 435EEC8C2A2A07CA0053C2FA /* AppointmentViewController.swift */; };
		435EEC8F2A2A07E50053C2FA /* UserViewController.swift in Sources */ = {isa = PBXBuildFile; fileRef = 435EEC8E2A2A07E50053C2FA /* UserViewController.swift */; };
		435EEC912A2A080E0053C2FA /* AdminViewController.swift in Sources */ = {isa = PBXBuildFile; fileRef = 435EEC902A2A080E0053C2FA /* AdminViewController.swift */; };
		435EEC932A2A09780053C2FA /* AdminListViewController.swift in Sources */ = {isa = PBXBuildFile; fileRef = 435EEC922A2A09780053C2FA /* AdminListViewController.swift */; };
		435EEC952A2A31640053C2FA /* MainTabBarViewController.swift in Sources */ = {isa = PBXBuildFile; fileRef = 435EEC942A2A31640053C2FA /* MainTabBarViewController.swift */; };
		439028C62A263ED400F84F36 /* AdminLoginViewController.swift in Sources */ = {isa = PBXBuildFile; fileRef = 439028C52A263ED400F84F36 /* AdminLoginViewController.swift */; };
		439028C82A27B87700F84F36 /* HomeViewController.swift in Sources */ = {isa = PBXBuildFile; fileRef = 439028C72A27B87700F84F36 /* HomeViewController.swift */; };
		439028CA2A27DF6500F84F36 /* GoogleService-Info.plist in Resources */ = {isa = PBXBuildFile; fileRef = 439028C92A27DF6500F84F36 /* GoogleService-Info.plist */; };
		439028D12A27E76300F84F36 /* FirebaseAuth in Frameworks */ = {isa = PBXBuildFile; productRef = 439028D02A27E76300F84F36 /* FirebaseAuth */; };
		439028D32A27E76300F84F36 /* FirebaseDatabase in Frameworks */ = {isa = PBXBuildFile; productRef = 439028D22A27E76300F84F36 /* FirebaseDatabase */; };
		439028D52A27E76300F84F36 /* FirebaseDatabaseSwift in Frameworks */ = {isa = PBXBuildFile; productRef = 439028D42A27E76300F84F36 /* FirebaseDatabaseSwift */; };
		43933BB42A2357D60085381F /* AppDelegate.swift in Sources */ = {isa = PBXBuildFile; fileRef = 43933BB32A2357D60085381F /* AppDelegate.swift */; };
		43933BB62A2357D60085381F /* SceneDelegate.swift in Sources */ = {isa = PBXBuildFile; fileRef = 43933BB52A2357D60085381F /* SceneDelegate.swift */; };
		43933BB82A2357D60085381F /* LoginViewController.swift in Sources */ = {isa = PBXBuildFile; fileRef = 43933BB72A2357D60085381F /* LoginViewController.swift */; };
		43933BBB2A2357D60085381F /* Main.storyboard in Resources */ = {isa = PBXBuildFile; fileRef = 43933BB92A2357D60085381F /* Main.storyboard */; };
		43933BBD2A2357D60085381F /* Assets.xcassets in Resources */ = {isa = PBXBuildFile; fileRef = 43933BBC2A2357D60085381F /* Assets.xcassets */; };
		43933BC02A2357D60085381F /* LaunchScreen.storyboard in Resources */ = {isa = PBXBuildFile; fileRef = 43933BBE2A2357D60085381F /* LaunchScreen.storyboard */; };
		43933BCE2A24D0F70085381F /* RegisterViewController.swift in Sources */ = {isa = PBXBuildFile; fileRef = 43933BCD2A24D0F60085381F /* RegisterViewController.swift */; };
		5004CC10B494777ED4A7F6F5 /* Pods_diploma.framework in Frameworks */ = {isa = PBXBuildFile; fileRef = E0CA573ABCC073D40909B278 /* Pods_diploma.framework */; };
/* End PBXBuildFile section */

/* Begin PBXFileReference section */
		4303BA9E2A2E807D00B5BE15 /* UserModel.swift */ = {isa = PBXFileReference; lastKnownFileType = sourcecode.swift; path = UserModel.swift; sourceTree = "<group>"; };
		4303BAA02A2E80BC00B5BE15 /* DoctorsModel.swift */ = {isa = PBXFileReference; lastKnownFileType = sourcecode.swift; path = DoctorsModel.swift; sourceTree = "<group>"; };
		4303BAA22A2E82AC00B5BE15 /* TimetablesModel.swift */ = {isa = PBXFileReference; lastKnownFileType = sourcecode.swift; path = TimetablesModel.swift; sourceTree = "<group>"; };
		435EEC8A2A2A07B40053C2FA /* DoctorsViewController.swift */ = {isa = PBXFileReference; lastKnownFileType = sourcecode.swift; path = DoctorsViewController.swift; sourceTree = "<group>"; };
		435EEC8C2A2A07CA0053C2FA /* AppointmentViewController.swift */ = {isa = PBXFileReference; lastKnownFileType = sourcecode.swift; path = AppointmentViewController.swift; sourceTree = "<group>"; };
		435EEC8E2A2A07E50053C2FA /* UserViewController.swift */ = {isa = PBXFileReference; lastKnownFileType = sourcecode.swift; path = UserViewController.swift; sourceTree = "<group>"; };
		435EEC902A2A080E0053C2FA /* AdminViewController.swift */ = {isa = PBXFileReference; lastKnownFileType = sourcecode.swift; path = AdminViewController.swift; sourceTree = "<group>"; };
		435EEC922A2A09780053C2FA /* AdminListViewController.swift */ = {isa = PBXFileReference; lastKnownFileType = sourcecode.swift; path = AdminListViewController.swift; sourceTree = "<group>"; };
		435EEC942A2A31640053C2FA /* MainTabBarViewController.swift */ = {isa = PBXFileReference; lastKnownFileType = sourcecode.swift; path = MainTabBarViewController.swift; sourceTree = "<group>"; };
		439028C52A263ED400F84F36 /* AdminLoginViewController.swift */ = {isa = PBXFileReference; lastKnownFileType = sourcecode.swift; path = AdminLoginViewController.swift; sourceTree = "<group>"; };
		439028C72A27B87700F84F36 /* HomeViewController.swift */ = {isa = PBXFileReference; lastKnownFileType = sourcecode.swift; path = HomeViewController.swift; sourceTree = "<group>"; };
		439028C92A27DF6500F84F36 /* GoogleService-Info.plist */ = {isa = PBXFileReference; fileEncoding = 4; lastKnownFileType = text.plist.xml; path = "GoogleService-Info.plist"; sourceTree = "<group>"; };
		43933BB02A2357D60085381F /* diploma.app */ = {isa = PBXFileReference; explicitFileType = wrapper.application; includeInIndex = 0; path = diploma.app; sourceTree = BUILT_PRODUCTS_DIR; };
		43933BB32A2357D60085381F /* AppDelegate.swift */ = {isa = PBXFileReference; lastKnownFileType = sourcecode.swift; path = AppDelegate.swift; sourceTree = "<group>"; };
		43933BB52A2357D60085381F /* SceneDelegate.swift */ = {isa = PBXFileReference; lastKnownFileType = sourcecode.swift; path = SceneDelegate.swift; sourceTree = "<group>"; };
		43933BB72A2357D60085381F /* LoginViewController.swift */ = {isa = PBXFileReference; lastKnownFileType = sourcecode.swift; path = LoginViewController.swift; sourceTree = "<group>"; };
		43933BBA2A2357D60085381F /* Base */ = {isa = PBXFileReference; lastKnownFileType = file.storyboard; name = Base; path = Base.lproj/Main.storyboard; sourceTree = "<group>"; };
		43933BBC2A2357D60085381F /* Assets.xcassets */ = {isa = PBXFileReference; lastKnownFileType = folder.assetcatalog; path = Assets.xcassets; sourceTree = "<group>"; };
		43933BBF2A2357D60085381F /* Base */ = {isa = PBXFileReference; lastKnownFileType = file.storyboard; name = Base; path = Base.lproj/LaunchScreen.storyboard; sourceTree = "<group>"; };
		43933BC12A2357D60085381F /* Info.plist */ = {isa = PBXFileReference; lastKnownFileType = text.plist.xml; path = Info.plist; sourceTree = "<group>"; };
		43933BCD2A24D0F60085381F /* RegisterViewController.swift */ = {isa = PBXFileReference; lastKnownFileType = sourcecode.swift; path = RegisterViewController.swift; sourceTree = "<group>"; };
		96C0C2DA096F8793EE700251 /* Pods-diploma.debug.xcconfig */ = {isa = PBXFileReference; includeInIndex = 1; lastKnownFileType = text.xcconfig; name = "Pods-diploma.debug.xcconfig"; path = "Target Support Files/Pods-diploma/Pods-diploma.debug.xcconfig"; sourceTree = "<group>"; };
		C08921CA036353696D564A50 /* Pods-diploma.release.xcconfig */ = {isa = PBXFileReference; includeInIndex = 1; lastKnownFileType = text.xcconfig; name = "Pods-diploma.release.xcconfig"; path = "Target Support Files/Pods-diploma/Pods-diploma.release.xcconfig"; sourceTree = "<group>"; };
		E0CA573ABCC073D40909B278 /* Pods_diploma.framework */ = {isa = PBXFileReference; explicitFileType = wrapper.framework; includeInIndex = 0; path = Pods_diploma.framework; sourceTree = BUILT_PRODUCTS_DIR; };
/* End PBXFileReference section */

/* Begin PBXFrameworksBuildPhase section */
		43933BAD2A2357D60085381F /* Frameworks */ = {
			isa = PBXFrameworksBuildPhase;
			buildActionMask = 2147483647;
			files = (
				439028D52A27E76300F84F36 /* FirebaseDatabaseSwift in Frameworks */,
				439028D12A27E76300F84F36 /* FirebaseAuth in Frameworks */,
				439028D32A27E76300F84F36 /* FirebaseDatabase in Frameworks */,
				5004CC10B494777ED4A7F6F5 /* Pods_diploma.framework in Frameworks */,
			);
			runOnlyForDeploymentPostprocessing = 0;
		};
/* End PBXFrameworksBuildPhase section */

/* Begin PBXGroup section */
		43933BA72A2357D60085381F = {
			isa = PBXGroup;
			children = (
				43933BB22A2357D60085381F /* diploma */,
				43933BB12A2357D60085381F /* Products */,
				B6075DD19BFD4B50B1363644 /* Pods */,
				9ACBB8F68D5B07EC5E84DFD7 /* Frameworks */,
			);
			sourceTree = "<group>";
		};
		43933BB12A2357D60085381F /* Products */ = {
			isa = PBXGroup;
			children = (
				43933BB02A2357D60085381F /* diploma.app */,
			);
			name = Products;
			sourceTree = "<group>";
		};
		43933BB22A2357D60085381F /* diploma */ = {
			isa = PBXGroup;
			children = (
				43933BC72A24BF210085381F /* View Controllers */,
				43933BC82A24BF500085381F /* Models */,
				43933BCA2A24BF710085381F /* System */,
				43933BB92A2357D60085381F /* Main.storyboard */,
				43933BBE2A2357D60085381F /* LaunchScreen.storyboard */,
				43933BB52A2357D60085381F /* SceneDelegate.swift */,
				43933BB32A2357D60085381F /* AppDelegate.swift */,
				43933BBC2A2357D60085381F /* Assets.xcassets */,
				43933BC12A2357D60085381F /* Info.plist */,
				439028C92A27DF6500F84F36 /* GoogleService-Info.plist */,
			);
			path = diploma;
			sourceTree = "<group>";
		};
		43933BC72A24BF210085381F /* View Controllers */ = {
			isa = PBXGroup;
			children = (
				43933BB72A2357D60085381F /* LoginViewController.swift */,
				43933BCD2A24D0F60085381F /* RegisterViewController.swift */,
				435EEC942A2A31640053C2FA /* MainTabBarViewController.swift */,
				439028C72A27B87700F84F36 /* HomeViewController.swift */,
				435EEC8E2A2A07E50053C2FA /* UserViewController.swift */,
				435EEC8A2A2A07B40053C2FA /* DoctorsViewController.swift */,
				435EEC8C2A2A07CA0053C2FA /* AppointmentViewController.swift */,
				439028C52A263ED400F84F36 /* AdminLoginViewController.swift */,
				435EEC902A2A080E0053C2FA /* AdminViewController.swift */,
				435EEC922A2A09780053C2FA /* AdminListViewController.swift */,
			);
			path = "View Controllers";
			sourceTree = "<group>";
		};
		43933BC82A24BF500085381F /* Models */ = {
			isa = PBXGroup;
			children = (
				4303BA9E2A2E807D00B5BE15 /* UserModel.swift */,
				4303BAA02A2E80BC00B5BE15 /* DoctorsModel.swift */,
				4303BAA22A2E82AC00B5BE15 /* TimetablesModel.swift */,
			);
			path = Models;
			sourceTree = "<group>";
		};
		43933BCA2A24BF710085381F /* System */ = {
			isa = PBXGroup;
			children = (
			);
			path = System;
			sourceTree = "<group>";
		};
		9ACBB8F68D5B07EC5E84DFD7 /* Frameworks */ = {
			isa = PBXGroup;
			children = (
				E0CA573ABCC073D40909B278 /* Pods_diploma.framework */,
			);
			name = Frameworks;
			sourceTree = "<group>";
		};
		B6075DD19BFD4B50B1363644 /* Pods */ = {
			isa = PBXGroup;
			children = (
				96C0C2DA096F8793EE700251 /* Pods-diploma.debug.xcconfig */,
				C08921CA036353696D564A50 /* Pods-diploma.release.xcconfig */,
			);
			name = Pods;
			path = Pods;
			sourceTree = "<group>";
		};
/* End PBXGroup section */

/* Begin PBXNativeTarget section */
		43933BAF2A2357D60085381F /* diploma */ = {
			isa = PBXNativeTarget;
			buildConfigurationList = 43933BC42A2357D60085381F /* Build configuration list for PBXNativeTarget "diploma" */;
			buildPhases = (
				8EACCEE2F91C902219910260 /* [CP] Check Pods Manifest.lock */,
				43933BAC2A2357D60085381F /* Sources */,
				43933BAD2A2357D60085381F /* Frameworks */,
				43933BAE2A2357D60085381F /* Resources */,
				0654B19CE0F6A844F138B046 /* [CP] Embed Pods Frameworks */,
			);
			buildRules = (
			);
			dependencies = (
			);
			name = diploma;
			packageProductDependencies = (
				439028D02A27E76300F84F36 /* FirebaseAuth */,
				439028D22A27E76300F84F36 /* FirebaseDatabase */,
				439028D42A27E76300F84F36 /* FirebaseDatabaseSwift */,
			);
			productName = diploma;
			productReference = 43933BB02A2357D60085381F /* diploma.app */;
			productType = "com.apple.product-type.application";
		};
/* End PBXNativeTarget section */

/* Begin PBXProject section */
		43933BA82A2357D60085381F /* Project object */ = {
			isa = PBXProject;
			attributes = {
				BuildIndependentTargetsInParallel = 1;
				LastSwiftUpdateCheck = 1340;
				LastUpgradeCheck = 1340;
				TargetAttributes = {
					43933BAF2A2357D60085381F = {
						CreatedOnToolsVersion = 13.4.1;
					};
				};
			};
			buildConfigurationList = 43933BAB2A2357D60085381F /* Build configuration list for PBXProject "diploma" */;
			compatibilityVersion = "Xcode 13.0";
			developmentRegion = en;
			hasScannedForEncodings = 0;
			knownRegions = (
				en,
				Base,
			);
			mainGroup = 43933BA72A2357D60085381F;
			packageReferences = (
				439028CB2A27E76300F84F36 /* XCRemoteSwiftPackageReference "firebase-ios-sdk" */,
			);
			productRefGroup = 43933BB12A2357D60085381F /* Products */;
			projectDirPath = "";
			projectRoot = "";
			targets = (
				43933BAF2A2357D60085381F /* diploma */,
			);
		};
/* End PBXProject section */

/* Begin PBXResourcesBuildPhase section */
		43933BAE2A2357D60085381F /* Resources */ = {
			isa = PBXResourcesBuildPhase;
			buildActionMask = 2147483647;
			files = (
				43933BC02A2357D60085381F /* LaunchScreen.storyboard in Resources */,
				439028CA2A27DF6500F84F36 /* GoogleService-Info.plist in Resources */,
				43933BBD2A2357D60085381F /* Assets.xcassets in Resources */,
				43933BBB2A2357D60085381F /* Main.storyboard in Resources */,
			);
			runOnlyForDeploymentPostprocessing = 0;
		};
/* End PBXResourcesBuildPhase section */

/* Begin PBXShellScriptBuildPhase section */
		0654B19CE0F6A844F138B046 /* [CP] Embed Pods Frameworks */ = {
			isa = PBXShellScriptBuildPhase;
			buildActionMask = 2147483647;
			files = (
			);
			inputFileListPaths = (
				"${PODS_ROOT}/Target Support Files/Pods-diploma/Pods-diploma-frameworks-${CONFIGURATION}-input-files.xcfilelist",
			);
			name = "[CP] Embed Pods Frameworks";
			outputFileListPaths = (
				"${PODS_ROOT}/Target Support Files/Pods-diploma/Pods-diploma-frameworks-${CONFIGURATION}-output-files.xcfilelist",
			);
			runOnlyForDeploymentPostprocessing = 0;
			shellPath = /bin/sh;
			shellScript = "\"${PODS_ROOT}/Target Support Files/Pods-diploma/Pods-diploma-frameworks.sh\"\n";
			showEnvVarsInLog = 0;
		};
		8EACCEE2F91C902219910260 /* [CP] Check Pods Manifest.lock */ = {
			isa = PBXShellScriptBuildPhase;
			buildActionMask = 2147483647;
			files = (
			);
			inputFileListPaths = (
			);
			inputPaths = (
				"${PODS_PODFILE_DIR_PATH}/Podfile.lock",
				"${PODS_ROOT}/Manifest.lock",
			);
			name = "[CP] Check Pods Manifest.lock";
			outputFileListPaths = (
			);
			outputPaths = (
				"$(DERIVED_FILE_DIR)/Pods-diploma-checkManifestLockResult.txt",
			);
			runOnlyForDeploymentPostprocessing = 0;
			shellPath = /bin/sh;
			shellScript = "diff \"${PODS_PODFILE_DIR_PATH}/Podfile.lock\" \"${PODS_ROOT}/Manifest.lock\" > /dev/null\nif [ $? != 0 ] ; then\n    # print error to STDERR\n    echo \"error: The sandbox is not in sync with the Podfile.lock. Run 'pod install' or update your CocoaPods installation.\" >&2\n    exit 1\nfi\n# This output is used by Xcode 'outputs' to avoid re-running this script phase.\necho \"SUCCESS\" > \"${SCRIPT_OUTPUT_FILE_0}\"\n";
			showEnvVarsInLog = 0;
		};
/* End PBXShellScriptBuildPhase section */

/* Begin PBXSourcesBuildPhase section */
		43933BAC2A2357D60085381F /* Sources */ = {
			isa = PBXSourcesBuildPhase;
			buildActionMask = 2147483647;
			files = (
				435EEC932A2A09780053C2FA /* AdminListViewController.swift in Sources */,
				435EEC8D2A2A07CA0053C2FA /* AppointmentViewController.swift in Sources */,
				435EEC8F2A2A07E50053C2FA /* UserViewController.swift in Sources */,
				43933BB82A2357D60085381F /* LoginViewController.swift in Sources */,
				43933BB42A2357D60085381F /* AppDelegate.swift in Sources */,
				4303BA9F2A2E807D00B5BE15 /* UserModel.swift in Sources */,
				439028C62A263ED400F84F36 /* AdminLoginViewController.swift in Sources */,
				435EEC8B2A2A07B40053C2FA /* DoctorsViewController.swift in Sources */,
				4303BAA32A2E82AC00B5BE15 /* TimetablesModel.swift in Sources */,
				43933BB62A2357D60085381F /* SceneDelegate.swift in Sources */,
				43933BCE2A24D0F70085381F /* RegisterViewController.swift in Sources */,
				435EEC952A2A31640053C2FA /* MainTabBarViewController.swift in Sources */,
				435EEC912A2A080E0053C2FA /* AdminViewController.swift in Sources */,
				4303BAA12A2E80BC00B5BE15 /* DoctorsModel.swift in Sources */,
				439028C82A27B87700F84F36 /* HomeViewController.swift in Sources */,
			);
			runOnlyForDeploymentPostprocessing = 0;
		};
/* End PBXSourcesBuildPhase section */

/* Begin PBXVariantGroup section */
		43933BB92A2357D60085381F /* Main.storyboard */ = {
			isa = PBXVariantGroup;
			children = (
				43933BBA2A2357D60085381F /* Base */,
			);
			name = Main.storyboard;
			sourceTree = "<group>";
		};
		43933BBE2A2357D60085381F /* LaunchScreen.storyboard */ = {
			isa = PBXVariantGroup;
			children = (
				43933BBF2A2357D60085381F /* Base */,
			);
			name = LaunchScreen.storyboard;
			sourceTree = "<group>";
		};
/* End PBXVariantGroup section */

/* Begin XCBuildConfiguration section */
		43933BC22A2357D60085381F /* Debug */ = {
			isa = XCBuildConfiguration;
			buildSettings = {
				ALWAYS_SEARCH_USER_PATHS = NO;
				CLANG_ANALYZER_NONNULL = YES;
				CLANG_ANALYZER_NUMBER_OBJECT_CONVERSION = YES_AGGRESSIVE;
				CLANG_CXX_LANGUAGE_STANDARD = "gnu++17";
				CLANG_ENABLE_MODULES = YES;
				CLANG_ENABLE_OBJC_ARC = YES;
				CLANG_ENABLE_OBJC_WEAK = YES;
				CLANG_WARN_BLOCK_CAPTURE_AUTORELEASING = YES;
				CLANG_WARN_BOOL_CONVERSION = YES;
				CLANG_WARN_COMMA = YES;
				CLANG_WARN_CONSTANT_CONVERSION = YES;
				CLANG_WARN_DEPRECATED_OBJC_IMPLEMENTATIONS = YES;
				CLANG_WARN_DIRECT_OBJC_ISA_USAGE = YES_ERROR;
				CLANG_WARN_DOCUMENTATION_COMMENTS = YES;
				CLANG_WARN_EMPTY_BODY = YES;
				CLANG_WARN_ENUM_CONVERSION = YES;
				CLANG_WARN_INFINITE_RECURSION = YES;
				CLANG_WARN_INT_CONVERSION = YES;
				CLANG_WARN_NON_LITERAL_NULL_CONVERSION = YES;
				CLANG_WARN_OBJC_IMPLICIT_RETAIN_SELF = YES;
				CLANG_WARN_OBJC_LITERAL_CONVERSION = YES;
				CLANG_WARN_OBJC_ROOT_CLASS = YES_ERROR;
				CLANG_WARN_QUOTED_INCLUDE_IN_FRAMEWORK_HEADER = YES;
				CLANG_WARN_RANGE_LOOP_ANALYSIS = YES;
				CLANG_WARN_STRICT_PROTOTYPES = YES;
				CLANG_WARN_SUSPICIOUS_MOVE = YES;
				CLANG_WARN_UNGUARDED_AVAILABILITY = YES_AGGRESSIVE;
				CLANG_WARN_UNREACHABLE_CODE = YES;
				CLANG_WARN__DUPLICATE_METHOD_MATCH = YES;
				COPY_PHASE_STRIP = NO;
				DEBUG_INFORMATION_FORMAT = dwarf;
				ENABLE_STRICT_OBJC_MSGSEND = YES;
				ENABLE_TESTABILITY = YES;
				GCC_C_LANGUAGE_STANDARD = gnu11;
				GCC_DYNAMIC_NO_PIC = NO;
				GCC_NO_COMMON_BLOCKS = YES;
				GCC_OPTIMIZATION_LEVEL = 0;
				GCC_PREPROCESSOR_DEFINITIONS = (
					"DEBUG=1",
					"$(inherited)",
				);
				GCC_WARN_64_TO_32_BIT_CONVERSION = YES;
				GCC_WARN_ABOUT_RETURN_TYPE = YES_ERROR;
				GCC_WARN_UNDECLARED_SELECTOR = YES;
				GCC_WARN_UNINITIALIZED_AUTOS = YES_AGGRESSIVE;
				GCC_WARN_UNUSED_FUNCTION = YES;
				GCC_WARN_UNUSED_VARIABLE = YES;
				IPHONEOS_DEPLOYMENT_TARGET = 15.5;
				MTL_ENABLE_DEBUG_INFO = INCLUDE_SOURCE;
				MTL_FAST_MATH = YES;
				ONLY_ACTIVE_ARCH = YES;
				SDKROOT = iphoneos;
				SWIFT_ACTIVE_COMPILATION_CONDITIONS = DEBUG;
				SWIFT_OPTIMIZATION_LEVEL = "-Onone";
			};
			name = Debug;
		};
		43933BC32A2357D60085381F /* Release */ = {
			isa = XCBuildConfiguration;
			buildSettings = {
				ALWAYS_SEARCH_USER_PATHS = NO;
				CLANG_ANALYZER_NONNULL = YES;
				CLANG_ANALYZER_NUMBER_OBJECT_CONVERSION = YES_AGGRESSIVE;
				CLANG_CXX_LANGUAGE_STANDARD = "gnu++17";
				CLANG_ENABLE_MODULES = YES;
				CLANG_ENABLE_OBJC_ARC = YES;
				CLANG_ENABLE_OBJC_WEAK = YES;
				CLANG_WARN_BLOCK_CAPTURE_AUTORELEASING = YES;
				CLANG_WARN_BOOL_CONVERSION = YES;
				CLANG_WARN_COMMA = YES;
				CLANG_WARN_CONSTANT_CONVERSION = YES;
				CLANG_WARN_DEPRECATED_OBJC_IMPLEMENTATIONS = YES;
				CLANG_WARN_DIRECT_OBJC_ISA_USAGE = YES_ERROR;
				CLANG_WARN_DOCUMENTATION_COMMENTS = YES;
				CLANG_WARN_EMPTY_BODY = YES;
				CLANG_WARN_ENUM_CONVERSION = YES;
				CLANG_WARN_INFINITE_RECURSION = YES;
				CLANG_WARN_INT_CONVERSION = YES;
				CLANG_WARN_NON_LITERAL_NULL_CONVERSION = YES;
				CLANG_WARN_OBJC_IMPLICIT_RETAIN_SELF = YES;
				CLANG_WARN_OBJC_LITERAL_CONVERSION = YES;
				CLANG_WARN_OBJC_ROOT_CLASS = YES_ERROR;
				CLANG_WARN_QUOTED_INCLUDE_IN_FRAMEWORK_HEADER = YES;
				CLANG_WARN_RANGE_LOOP_ANALYSIS = YES;
				CLANG_WARN_STRICT_PROTOTYPES = YES;
				CLANG_WARN_SUSPICIOUS_MOVE = YES;
				CLANG_WARN_UNGUARDED_AVAILABILITY = YES_AGGRESSIVE;
				CLANG_WARN_UNREACHABLE_CODE = YES;
				CLANG_WARN__DUPLICATE_METHOD_MATCH = YES;
				COPY_PHASE_STRIP = NO;
				DEBUG_INFORMATION_FORMAT = "dwarf-with-dsym";
				ENABLE_NS_ASSERTIONS = NO;
				ENABLE_STRICT_OBJC_MSGSEND = YES;
				GCC_C_LANGUAGE_STANDARD = gnu11;
				GCC_NO_COMMON_BLOCKS = YES;
				GCC_WARN_64_TO_32_BIT_CONVERSION = YES;
				GCC_WARN_ABOUT_RETURN_TYPE = YES_ERROR;
				GCC_WARN_UNDECLARED_SELECTOR = YES;
				GCC_WARN_UNINITIALIZED_AUTOS = YES_AGGRESSIVE;
				GCC_WARN_UNUSED_FUNCTION = YES;
				GCC_WARN_UNUSED_VARIABLE = YES;
				IPHONEOS_DEPLOYMENT_TARGET = 15.5;
				MTL_ENABLE_DEBUG_INFO = NO;
				MTL_FAST_MATH = YES;
				SDKROOT = iphoneos;
				SWIFT_COMPILATION_MODE = wholemodule;
				SWIFT_OPTIMIZATION_LEVEL = "-O";
				VALIDATE_PRODUCT = YES;
			};
			name = Release;
		};
		43933BC52A2357D60085381F /* Debug */ = {
			isa = XCBuildConfiguration;
			baseConfigurationReference = 96C0C2DA096F8793EE700251 /* Pods-diploma.debug.xcconfig */;
			buildSettings = {
				ASSETCATALOG_COMPILER_APPICON_NAME = AppIcon;
				ASSETCATALOG_COMPILER_GLOBAL_ACCENT_COLOR_NAME = AccentColor;
				CODE_SIGN_STYLE = Automatic;
				CURRENT_PROJECT_VERSION = 1;
				DEVELOPMENT_TEAM = 2F43V7M9BK;
				GENERATE_INFOPLIST_FILE = YES;
				INFOPLIST_FILE = diploma/Info.plist;
				INFOPLIST_KEY_UIApplicationSupportsIndirectInputEvents = YES;
				INFOPLIST_KEY_UILaunchStoryboardName = LaunchScreen;
				INFOPLIST_KEY_UIMainStoryboardFile = Main;
				INFOPLIST_KEY_UISupportedInterfaceOrientations = UIInterfaceOrientationPortrait;
				INFOPLIST_KEY_UISupportedInterfaceOrientations_iPad = "UIInterfaceOrientationPortrait UIInterfaceOrientationPortraitUpsideDown UIInterfaceOrientationLandscapeLeft UIInterfaceOrientationLandscapeRight";
				INFOPLIST_KEY_UISupportedInterfaceOrientations_iPhone = "UIInterfaceOrientationPortrait UIInterfaceOrientationLandscapeLeft UIInterfaceOrientationLandscapeRight";
				IPHONEOS_DEPLOYMENT_TARGET = 15.0;
				LD_RUNPATH_SEARCH_PATHS = (
					"$(inherited)",
					"@executable_path/Frameworks",
				);
				MARKETING_VERSION = 1.0;
				PRODUCT_BUNDLE_IDENTIFIER = tasks.diploma;
				PRODUCT_NAME = "$(TARGET_NAME)";
				SWIFT_EMIT_LOC_STRINGS = YES;
				SWIFT_VERSION = 5.0;
				TARGETED_DEVICE_FAMILY = 1;
			};
			name = Debug;
		};
		43933BC62A2357D60085381F /* Release */ = {
			isa = XCBuildConfiguration;
			baseConfigurationReference = C08921CA036353696D564A50 /* Pods-diploma.release.xcconfig */;
			buildSettings = {
				ASSETCATALOG_COMPILER_APPICON_NAME = AppIcon;
				ASSETCATALOG_COMPILER_GLOBAL_ACCENT_COLOR_NAME = AccentColor;
				CODE_SIGN_STYLE = Automatic;
				CURRENT_PROJECT_VERSION = 1;
				DEVELOPMENT_TEAM = 2F43V7M9BK;
				GENERATE_INFOPLIST_FILE = YES;
				INFOPLIST_FILE = diploma/Info.plist;
				INFOPLIST_KEY_UIApplicationSupportsIndirectInputEvents = YES;
				INFOPLIST_KEY_UILaunchStoryboardName = LaunchScreen;
				INFOPLIST_KEY_UIMainStoryboardFile = Main;
				INFOPLIST_KEY_UISupportedInterfaceOrientations = UIInterfaceOrientationPortrait;
				INFOPLIST_KEY_UISupportedInterfaceOrientations_iPad = "UIInterfaceOrientationPortrait UIInterfaceOrientationPortraitUpsideDown UIInterfaceOrientationLandscapeLeft UIInterfaceOrientationLandscapeRight";
				INFOPLIST_KEY_UISupportedInterfaceOrientations_iPhone = "UIInterfaceOrientationPortrait UIInterfaceOrientationLandscapeLeft UIInterfaceOrientationLandscapeRight";
				IPHONEOS_DEPLOYMENT_TARGET = 15.0;
				LD_RUNPATH_SEARCH_PATHS = (
					"$(inherited)",
					"@executable_path/Frameworks",
				);
				MARKETING_VERSION = 1.0;
				PRODUCT_BUNDLE_IDENTIFIER = tasks.diploma;
				PRODUCT_NAME = "$(TARGET_NAME)";
				SWIFT_EMIT_LOC_STRINGS = YES;
				SWIFT_VERSION = 5.0;
				TARGETED_DEVICE_FAMILY = 1;
			};
			name = Release;
		};
/* End XCBuildConfiguration section */

/* Begin XCConfigurationList section */
		43933BAB2A2357D60085381F /* Build configuration list for PBXProject "diploma" */ = {
			isa = XCConfigurationList;
			buildConfigurations = (
				43933BC22A2357D60085381F /* Debug */,
				43933BC32A2357D60085381F /* Release */,
			);
			defaultConfigurationIsVisible = 0;
			defaultConfigurationName = Release;
		};
		43933BC42A2357D60085381F /* Build configuration list for PBXNativeTarget "diploma" */ = {
			isa = XCConfigurationList;
			buildConfigurations = (
				43933BC52A2357D60085381F /* Debug */,
				43933BC62A2357D60085381F /* Release */,
			);
			defaultConfigurationIsVisible = 0;
			defaultConfigurationName = Release;
		};
/* End XCConfigurationList section */

/* Begin XCRemoteSwiftPackageReference section */
		439028CB2A27E76300F84F36 /* XCRemoteSwiftPackageReference "firebase-ios-sdk" */ = {
			isa = XCRemoteSwiftPackageReference;
			repositoryURL = "https://github.com/firebase/firebase-ios-sdk";
			requirement = {
				kind = upToNextMajorVersion;
				minimumVersion = 9.0.0;
			};
		};
/* End XCRemoteSwiftPackageReference section */

/* Begin XCSwiftPackageProductDependency section */
		439028D02A27E76300F84F36 /* FirebaseAuth */ = {
			isa = XCSwiftPackageProductDependency;
			package = 439028CB2A27E76300F84F36 /* XCRemoteSwiftPackageReference "firebase-ios-sdk" */;
			productName = FirebaseAuth;
		};
		439028D22A27E76300F84F36 /* FirebaseDatabase */ = {
			isa = XCSwiftPackageProductDependency;
			package = 439028CB2A27E76300F84F36 /* XCRemoteSwiftPackageReference "firebase-ios-sdk" */;
			productName = FirebaseDatabase;
		};
		439028D42A27E76300F84F36 /* FirebaseDatabaseSwift */ = {
			isa = XCSwiftPackageProductDependency;
			package = 439028CB2A27E76300F84F36 /* XCRemoteSwiftPackageReference "firebase-ios-sdk" */;
			productName = FirebaseDatabaseSwift;
		};
/* End XCSwiftPackageProductDependency section */
	};
	rootObject = 43933BA82A2357D60085381F /* Project object */;
}
